
Microsoft Visual Studio Solution File, Format Version 12.00
# Visual Studio Version 17
VisualStudioVersion = 17.0.31903.59
MinimumVisualStudioVersion = 10.0.40219.1
Project("{FAE04EC0-301F-11D3-BF4B-00C04F79EFBC}") = "FastCrypto", "FastCrypto\FastCrypto.csproj", "{2D5F4C34-D5B0-477A-9C86-84A1A23A3993}"
EndProject
Project("{FAE04EC0-301F-11D3-BF4B-00C04F79EFBC}") = "FastCrypto.Tests", "FastCrypto.Tests\FastCrypto.Tests.csproj", "{646042FE-C71A-403C-9A46-AF5AD8CE53EE}"
EndProject
Global
	GlobalSection(SolutionConfigurationPlatforms) = preSolution
		Debug|Any CPU = Debug|Any CPU
		Release|Any CPU = Release|Any CPU
	EndGlobalSection
	GlobalSection(ProjectConfigurationPlatforms) = postSolution
		{2D5F4C34-D5B0-477A-9C86-84A1A23A3993}.Debug|Any CPU.ActiveCfg = Debug|Any CPU
		{2D5F4C34-D5B0-477A-9C86-84A1A23A3993}.Debug|Any CPU.Build.0 = Debug|Any CPU
		{2D5F4C34-D5B0-477A-9C86-84A1A23A3993}.Release|Any CPU.ActiveCfg = Release|Any CPU
		{2D5F4C34-D5B0-477A-9C86-84A1A23A3993}.Release|Any CPU.Build.0 = Release|Any CPU
		{646042FE-C71A-403C-9A46-AF5AD8CE53EE}.Debug|Any CPU.ActiveCfg = Debug|Any CPU
		{646042FE-C71A-403C-9A46-AF5AD8CE53EE}.Debug|Any CPU.Build.0 = Debug|Any CPU
		{646042FE-C71A-403C-9A46-AF5AD8CE53EE}.Release|Any CPU.ActiveCfg = Release|Any CPU
		{646042FE-C71A-403C-9A46-AF5AD8CE53EE}.Release|Any CPU.Build.0 = Release|Any CPU
	EndGlobalSection
	GlobalSection(SolutionProperties) = preSolution
		HideSolutionNode = FALSE
	EndGlobalSection
	GlobalSection(ExtensibilityGlobals) = postSolution
		SolutionGuid = {728B7E33-DEC7-4669-B67D-87601E685C8A}
	EndGlobalSection
EndGlobal
